
Microsoft Visual Studio Solution File, Format Version 12.00
# Visual Studio Version 17
VisualStudioVersion = 17.9.34728.123
MinimumVisualStudioVersion = 10.0.40219.1
Project("{FAE04EC0-301F-11D3-BF4B-00C04F79EFBC}") = "INNconvert_tgbot", "INNconvert_tgbot\INNconvert_tgbot.csproj", "{B6092403-884C-4F30-B3F3-7DB775222FA5}"
EndProject
Project("{2150E333-8FDC-42A3-9474-1A3956D46DE8}") = "Элементы решения", "Элементы решения", "{48B5718F-947D-4DA9-9B7F-9D246D1C7075}"
	ProjectSection(SolutionItems) = preProject
		config.xml = config.xml
		configFNS.xml = configFNS.xml
	EndProjectSection
EndProject
Global
	GlobalSection(SolutionConfigurationPlatforms) = preSolution
		Debug|Any CPU = Debug|Any CPU
		Release|Any CPU = Release|Any CPU
	EndGlobalSection
	GlobalSection(ProjectConfigurationPlatforms) = postSolution
		{B6092403-884C-4F30-B3F3-7DB775222FA5}.Debug|Any CPU.ActiveCfg = Debug|Any CPU
		{B6092403-884C-4F30-B3F3-7DB775222FA5}.Debug|Any CPU.Build.0 = Debug|Any CPU
		{B6092403-884C-4F30-B3F3-7DB775222FA5}.Release|Any CPU.ActiveCfg = Release|Any CPU
		{B6092403-884C-4F30-B3F3-7DB775222FA5}.Release|Any CPU.Build.0 = Release|Any CPU
	EndGlobalSection
	GlobalSection(SolutionProperties) = preSolution
		HideSolutionNode = FALSE
	EndGlobalSection
	GlobalSection(ExtensibilityGlobals) = postSolution
		SolutionGuid = {857E9284-419C-4DD1-9F79-9F92E456F5C5}
	EndGlobalSection
EndGlobal
